
Microsoft Visual Studio Solution File, Format Version 12.00
# Visual Studio Version 17
VisualStudioVersion = 17.6.33723.286
MinimumVisualStudioVersion = 10.0.40219.1
Project("{9A19103F-16F7-4668-BE54-9A1E7A4F7556}") = "TaskManagementSystem", "TaskManagementSystem\TaskManagementSystem.csproj", "{F1171DE2-0617-455C-A671-FDE9D865CE64}"
EndProject
Project("{FAE04EC0-301F-11D3-BF4B-00C04F79EFBC}") = "ModelsAndEnums", "Models\ModelsAndEnums.csproj", "{B5BEDB84-8735-4EF3-855F-DA34355ADA9A}"
EndProject
Project("{FAE04EC0-301F-11D3-BF4B-00C04F79EFBC}") = "WebAPI", "WebAPI\WebAPI.csproj", "{6E121F33-9548-42D0-885D-0F0C44BEC23B}"
EndProject
Project("{FAE04EC0-301F-11D3-BF4B-00C04F79EFBC}") = "DataAccessLayer", "DataAccessLayer\DataAccessLayer.csproj", "{CE79812D-3BA4-4E55-B204-3B21676E4D49}"
EndProject
Project("{FAE04EC0-301F-11D3-BF4B-00C04F79EFBC}") = "UnitTest", "UnitTest\UnitTest.csproj", "{D7EB7891-18EE-4798-8C64-A2F081A232B1}"
EndProject
Global
	GlobalSection(SolutionConfigurationPlatforms) = preSolution
		Debug|Any CPU = Debug|Any CPU
		Release|Any CPU = Release|Any CPU
	EndGlobalSection
	GlobalSection(ProjectConfigurationPlatforms) = postSolution
		{F1171DE2-0617-455C-A671-FDE9D865CE64}.Debug|Any CPU.ActiveCfg = Debug|Any CPU
		{F1171DE2-0617-455C-A671-FDE9D865CE64}.Debug|Any CPU.Build.0 = Debug|Any CPU
		{F1171DE2-0617-455C-A671-FDE9D865CE64}.Release|Any CPU.ActiveCfg = Release|Any CPU
		{F1171DE2-0617-455C-A671-FDE9D865CE64}.Release|Any CPU.Build.0 = Release|Any CPU
		{B5BEDB84-8735-4EF3-855F-DA34355ADA9A}.Debug|Any CPU.ActiveCfg = Debug|Any CPU
		{B5BEDB84-8735-4EF3-855F-DA34355ADA9A}.Debug|Any CPU.Build.0 = Debug|Any CPU
		{B5BEDB84-8735-4EF3-855F-DA34355ADA9A}.Release|Any CPU.ActiveCfg = Release|Any CPU
		{B5BEDB84-8735-4EF3-855F-DA34355ADA9A}.Release|Any CPU.Build.0 = Release|Any CPU
		{6E121F33-9548-42D0-885D-0F0C44BEC23B}.Debug|Any CPU.ActiveCfg = Debug|Any CPU
		{6E121F33-9548-42D0-885D-0F0C44BEC23B}.Debug|Any CPU.Build.0 = Debug|Any CPU
		{6E121F33-9548-42D0-885D-0F0C44BEC23B}.Release|Any CPU.ActiveCfg = Release|Any CPU
		{6E121F33-9548-42D0-885D-0F0C44BEC23B}.Release|Any CPU.Build.0 = Release|Any CPU
		{CE79812D-3BA4-4E55-B204-3B21676E4D49}.Debug|Any CPU.ActiveCfg = Debug|Any CPU
		{CE79812D-3BA4-4E55-B204-3B21676E4D49}.Debug|Any CPU.Build.0 = Debug|Any CPU
		{CE79812D-3BA4-4E55-B204-3B21676E4D49}.Release|Any CPU.ActiveCfg = Release|Any CPU
		{CE79812D-3BA4-4E55-B204-3B21676E4D49}.Release|Any CPU.Build.0 = Release|Any CPU
		{D7EB7891-18EE-4798-8C64-A2F081A232B1}.Debug|Any CPU.ActiveCfg = Debug|Any CPU
		{D7EB7891-18EE-4798-8C64-A2F081A232B1}.Debug|Any CPU.Build.0 = Debug|Any CPU
		{D7EB7891-18EE-4798-8C64-A2F081A232B1}.Release|Any CPU.ActiveCfg = Release|Any CPU
		{D7EB7891-18EE-4798-8C64-A2F081A232B1}.Release|Any CPU.Build.0 = Release|Any CPU
	EndGlobalSection
	GlobalSection(SolutionProperties) = preSolution
		HideSolutionNode = FALSE
	EndGlobalSection
	GlobalSection(ExtensibilityGlobals) = postSolution
		SolutionGuid = {D5BD859C-9E0B-4567-B8CC-440F77D56322}
	EndGlobalSection
EndGlobal
